# THIS IS AN AUTOGENERATED FILE. DO NOT EDIT THIS FILE DIRECTLY.
# yarn lockfile v1


typescript@^3.3.0-dev.20181228:
  version "3.3.0-dev.20181228"
  resolved "https://registry.yarnpkg.com/typescript/-/typescript-3.3.0-dev.20181228.tgz#309ee1401c1c0d0c705697cec6fc131a3c7d8168"
  integrity sha512-Jh08has1FBNPYKiliA8fwxnxgsS0AqqWVbdQc2qb3rVCV8l0JYxgjRvXr5Skc0oT6HWjMmgiRm7SSPtbHl5vZg==
